
Microsoft Visual Studio Solution File, Format Version 12.00
# Visual Studio 14
VisualStudioVersion = 14.0.24720.0
MinimumVisualStudioVersion = 10.0.40219.1
Project("{FAE04EC0-301F-11D3-BF4B-00C04F79EFBC}") = "ZAD1", "ZAD1\ZAD1.csproj", "{8B4270C5-FC86-40E4-8069-7EF276722856}"
EndProject
Project("{FAE04EC0-301F-11D3-BF4B-00C04F79EFBC}") = "ZAD2", "ZAD2\ZAD2.csproj", "{82323D54-D87E-4A4A-98C0-AD1E4B55A2F7}"
EndProject
Global
	GlobalSection(SolutionConfigurationPlatforms) = preSolution
		Debug|Any CPU = Debug|Any CPU
		Release|Any CPU = Release|Any CPU
	EndGlobalSection
	GlobalSection(ProjectConfigurationPlatforms) = postSolution
		{8B4270C5-FC86-40E4-8069-7EF276722856}.Debug|Any CPU.ActiveCfg = Debug|Any CPU
		{8B4270C5-FC86-40E4-8069-7EF276722856}.Debug|Any CPU.Build.0 = Debug|Any CPU
		{8B4270C5-FC86-40E4-8069-7EF276722856}.Release|Any CPU.ActiveCfg = Release|Any CPU
		{8B4270C5-FC86-40E4-8069-7EF276722856}.Release|Any CPU.Build.0 = Release|Any CPU
		{82323D54-D87E-4A4A-98C0-AD1E4B55A2F7}.Debug|Any CPU.ActiveCfg = Debug|Any CPU
		{82323D54-D87E-4A4A-98C0-AD1E4B55A2F7}.Debug|Any CPU.Build.0 = Debug|Any CPU
		{82323D54-D87E-4A4A-98C0-AD1E4B55A2F7}.Release|Any CPU.ActiveCfg = Release|Any CPU
		{82323D54-D87E-4A4A-98C0-AD1E4B55A2F7}.Release|Any CPU.Build.0 = Release|Any CPU
	EndGlobalSection
	GlobalSection(SolutionProperties) = preSolution
		HideSolutionNode = FALSE
	EndGlobalSection
EndGlobal
